
Microsoft Visual Studio Solution File, Format Version 12.00
# Visual Studio Version 17
VisualStudioVersion = 17.7.34031.279
MinimumVisualStudioVersion = 10.0.40219.1
Project("{FAE04EC0-301F-11D3-BF4B-00C04F79EFBC}") = "faceoff", "faceoff.csproj", "{C7639703-5D16-469C-9B75-935AF0258F49}"
EndProject
Project("{FAE04EC0-301F-11D3-BF4B-00C04F79EFBC}") = "faceoff.Core", "faceoff.Core\faceoff.Core.csproj", "{A47B3359-D2DA-4ADE-88E5-678FDDB64721}"
EndProject
Project("{FAE04EC0-301F-11D3-BF4B-00C04F79EFBC}") = "ConsoleApp2", "..\ConsoleApp2\ConsoleApp2.csproj", "{D7DE055F-A26B-42FE-9A00-E32C0D4A6720}"
EndProject
Global
	GlobalSection(SolutionConfigurationPlatforms) = preSolution
		Debug|Any CPU = Debug|Any CPU
		Release|Any CPU = Release|Any CPU
	EndGlobalSection
	GlobalSection(ProjectConfigurationPlatforms) = postSolution
		{C7639703-5D16-469C-9B75-935AF0258F49}.Debug|Any CPU.ActiveCfg = Debug|Any CPU
		{C7639703-5D16-469C-9B75-935AF0258F49}.Debug|Any CPU.Build.0 = Debug|Any CPU
		{C7639703-5D16-469C-9B75-935AF0258F49}.Release|Any CPU.ActiveCfg = Release|Any CPU
		{C7639703-5D16-469C-9B75-935AF0258F49}.Release|Any CPU.Build.0 = Release|Any CPU
		{A47B3359-D2DA-4ADE-88E5-678FDDB64721}.Debug|Any CPU.ActiveCfg = Debug|Any CPU
		{A47B3359-D2DA-4ADE-88E5-678FDDB64721}.Debug|Any CPU.Build.0 = Debug|Any CPU
		{A47B3359-D2DA-4ADE-88E5-678FDDB64721}.Release|Any CPU.ActiveCfg = Release|Any CPU
		{A47B3359-D2DA-4ADE-88E5-678FDDB64721}.Release|Any CPU.Build.0 = Release|Any CPU
		{D7DE055F-A26B-42FE-9A00-E32C0D4A6720}.Debug|Any CPU.ActiveCfg = Debug|Any CPU
		{D7DE055F-A26B-42FE-9A00-E32C0D4A6720}.Debug|Any CPU.Build.0 = Debug|Any CPU
		{D7DE055F-A26B-42FE-9A00-E32C0D4A6720}.Release|Any CPU.ActiveCfg = Release|Any CPU
		{D7DE055F-A26B-42FE-9A00-E32C0D4A6720}.Release|Any CPU.Build.0 = Release|Any CPU
	EndGlobalSection
	GlobalSection(SolutionProperties) = preSolution
		HideSolutionNode = FALSE
	EndGlobalSection
	GlobalSection(ExtensibilityGlobals) = postSolution
		SolutionGuid = {0518F94D-963F-4E6C-A327-8D38F8DE0D13}
	EndGlobalSection
EndGlobal
